
Microsoft Visual Studio Solution File, Format Version 12.00
# Visual Studio 15
VisualStudioVersion = 15.0.28307.168
MinimumVisualStudioVersion = 10.0.40219.1
Project("{FAE04EC0-301F-11D3-BF4B-00C04F79EFBC}") = "AspCoreHomeWork", "AspCoreHomeWork\AspCoreHomeWork.csproj", "{02F8C099-5FA0-4369-98BB-2CAA5C2DCB4B}"
EndProject
Project("{FAE04EC0-301F-11D3-BF4B-00C04F79EFBC}") = "Services", "Services\Services.csproj", "{B8794857-37FB-4CF9-A626-24851E90F285}"
EndProject
Project("{FAE04EC0-301F-11D3-BF4B-00C04F79EFBC}") = "Services.Abstract", "Services.Abstract\Services.Abstract.csproj", "{7AAC21EA-E79F-48DC-BE96-A6E4CA9B5A93}"
EndProject
Project("{FAE04EC0-301F-11D3-BF4B-00C04F79EFBC}") = "Models", "Models\Models.csproj", "{76C32F05-E9F4-4812-A572-3FFBF218D514}"
EndProject
Project("{FAE04EC0-301F-11D3-BF4B-00C04F79EFBC}") = "DataAccess", "DataAccess\DataAccess.csproj", "{844F37C5-834B-4D4E-B736-CA4F6A84E374}"
EndProject
Global
	GlobalSection(SolutionConfigurationPlatforms) = preSolution
		Debug|Any CPU = Debug|Any CPU
		Release|Any CPU = Release|Any CPU
	EndGlobalSection
	GlobalSection(ProjectConfigurationPlatforms) = postSolution
		{02F8C099-5FA0-4369-98BB-2CAA5C2DCB4B}.Debug|Any CPU.ActiveCfg = Debug|Any CPU
		{02F8C099-5FA0-4369-98BB-2CAA5C2DCB4B}.Debug|Any CPU.Build.0 = Debug|Any CPU
		{02F8C099-5FA0-4369-98BB-2CAA5C2DCB4B}.Release|Any CPU.ActiveCfg = Release|Any CPU
		{02F8C099-5FA0-4369-98BB-2CAA5C2DCB4B}.Release|Any CPU.Build.0 = Release|Any CPU
		{B8794857-37FB-4CF9-A626-24851E90F285}.Debug|Any CPU.ActiveCfg = Debug|Any CPU
		{B8794857-37FB-4CF9-A626-24851E90F285}.Debug|Any CPU.Build.0 = Debug|Any CPU
		{B8794857-37FB-4CF9-A626-24851E90F285}.Release|Any CPU.ActiveCfg = Release|Any CPU
		{B8794857-37FB-4CF9-A626-24851E90F285}.Release|Any CPU.Build.0 = Release|Any CPU
		{7AAC21EA-E79F-48DC-BE96-A6E4CA9B5A93}.Debug|Any CPU.ActiveCfg = Debug|Any CPU
		{7AAC21EA-E79F-48DC-BE96-A6E4CA9B5A93}.Debug|Any CPU.Build.0 = Debug|Any CPU
		{7AAC21EA-E79F-48DC-BE96-A6E4CA9B5A93}.Release|Any CPU.ActiveCfg = Release|Any CPU
		{7AAC21EA-E79F-48DC-BE96-A6E4CA9B5A93}.Release|Any CPU.Build.0 = Release|Any CPU
		{76C32F05-E9F4-4812-A572-3FFBF218D514}.Debug|Any CPU.ActiveCfg = Debug|Any CPU
		{76C32F05-E9F4-4812-A572-3FFBF218D514}.Debug|Any CPU.Build.0 = Debug|Any CPU
		{76C32F05-E9F4-4812-A572-3FFBF218D514}.Release|Any CPU.ActiveCfg = Release|Any CPU
		{76C32F05-E9F4-4812-A572-3FFBF218D514}.Release|Any CPU.Build.0 = Release|Any CPU
		{844F37C5-834B-4D4E-B736-CA4F6A84E374}.Debug|Any CPU.ActiveCfg = Debug|Any CPU
		{844F37C5-834B-4D4E-B736-CA4F6A84E374}.Debug|Any CPU.Build.0 = Debug|Any CPU
		{844F37C5-834B-4D4E-B736-CA4F6A84E374}.Release|Any CPU.ActiveCfg = Release|Any CPU
		{844F37C5-834B-4D4E-B736-CA4F6A84E374}.Release|Any CPU.Build.0 = Release|Any CPU
	EndGlobalSection
	GlobalSection(SolutionProperties) = preSolution
		HideSolutionNode = FALSE
	EndGlobalSection
	GlobalSection(ExtensibilityGlobals) = postSolution
		SolutionGuid = {B9CC0336-49F8-4710-A37A-E77A1597B0BC}
	EndGlobalSection
EndGlobal
